[terraform plan output]
Results:
Terraform will perform the following actions:

$ terraform plan -out=plan

Terraform used the selected providers to generate the following execution plan. Resource actions are indicated with the following symbols:
  + create

Terraform will perform the following actions:

ervgo@EK-DESKTOP MINGW64 ~/Documents/TheoWAF/class7/AWS/Armageddon/TeamLabs/Lab1/Lab1c (main)
$ terraform plan -out=plan

Terraform used the selected providers to generate the following execution plan. Resource actions are indicated with the following symbols:
  + create
 <= read (data resources)

Terraform will perform the following actions:

  # data.tls_public_key.MegaKey will be read during apply
  # (config refers to values not yet known)
 <= data "tls_public_key" "MegaKey" {
      + algorithm                     = (known after apply)
      + id                            = (known after apply)
      + private_key_pem               = (sensitive value)
      + public_key_fingerprint_md5    = (known after apply)
      + public_key_fingerprint_sha256 = (known after apply)
      + public_key_openssh            = (known after apply)
      + public_key_pem                = (known after apply)
    }

  # aws_cloudwatch_log_group.megatron_log_group01 will be created
  + resource "aws_cloudwatch_log_group" "megatron_log_group01" {
      + arn                         = (known after apply)
      + deletion_protection_enabled = (known after apply)
      + id                          = (known after apply)
      + log_group_class             = (known after apply)
      + name                        = "/aws/ec2/megatron-rds-app"
      + name_prefix                 = (known after apply)
      + region                      = "us-east-1"
      + retention_in_days           = 7
      + skip_destroy                = false
      + tags                        = {
          + "Name" = "megatron-log-group01"
        }
      + tags_all                    = {
          + "Name" = "megatron-log-group01"
        }
    }

  # aws_cloudwatch_metric_alarm.megatron_db_alarm01 will be created
  + resource "aws_cloudwatch_metric_alarm" "megatron_db_alarm01" {
      + actions_enabled                       = true
      + alarm_actions                         = (known after apply)
      + alarm_name                            = "megatron-db-connection-failure"
      + arn                                   = (known after apply)
      + comparison_operator                   = "GreaterThanOrEqualToThreshold"
      + evaluate_low_sample_count_percentiles = (known after apply)
      + evaluation_periods                    = 1
      + id                                    = (known after apply)
      + metric_name                           = "DBConnectionErrors"
      + namespace                             = "Lab/RDSApp"
      + period                                = 300
      + region                                = "us-east-1"
      + statistic                             = "Sum"
      + tags                                  = {
          + "Name" = "megatron-alarm-db-fail"
        }
      + tags_all                              = {
          + "Name" = "megatron-alarm-db-fail"
        }
      + threshold                             = 3
      + treat_missing_data                    = "missing"
    }

  # aws_db_instance.megatron_rds01 will be created
  + resource "aws_db_instance" "megatron_rds01" {
      + address                               = (known after apply)
      + allocated_storage                     = 20
      + apply_immediately                     = false
      + arn                                   = (known after apply)
      + auto_minor_version_upgrade            = true
      + availability_zone                       = (known after apply)
      + backup_retention_period               = (known after apply)
      + backup_target                         = (known after apply)
      + backup_window                         = (known after apply)
      + ca_cert_identifier                    = (known after apply)
      + character_set_name                    = (known after apply)
      + copy_tags_to_snapshot                 = false
      + database_insights_mode                = (known after apply)
      + db_name                               = "Cybertronsqldb"
      + db_subnet_group_name                  = "megatron-rds-subnet-group01"
      + dedicated_log_volume                  = false
      + delete_automated_backups              = true
      + domain_fqdn                           = (known after apply)
      + endpoint                              = (known after apply)
      + engine                                = "mysql"
      + engine_lifecycle_support              = (known after apply)
      + engine_version                        = (known after apply)
      + engine_version_actual                 = (known after apply)
      + hosted_availability_zone _id                        = (known after apply)
      + id                                    = (known after apply)
      + identifier                            = "megatron-rds01"
      + identifier_prefix                     = (known after apply)
      + instance_class                        = "db.t3.micro"
      + iops                                  = (known after apply)
      + kms_key_id                            = (known after apply)
      + latest_restorable_time                = (known after apply)
      + license_model                         = (known after apply)
      + listener_endpoint                     = (known after apply)
      + maintenance_window                    = (known after apply)
      + master_user_secret                    = (known after apply)
      + master_user_secret_kms_key_id         = (known after apply)
      + monitoring_interval                   = 0
      + monitoring_role_arn                   = (known after apply)
      + multi_az                              = (known after apply)
      + nchar_character_set_name              = (known after apply)
      + network_type                          = (known after apply)
      + option_group_name                     = (known after apply)
      + parameter_group_name                  = (known after apply)
      + password                              = (sensitive value)
      + password_wo                           = (write-only attribute)
      + performance_insights_enabled          = false
      + performance_insights_kms_key_id       = (known after apply)
      + performance_insights_retention_period = (known after apply)
      + port                                  = (known after apply)
      + publicly_accessible                   = false
      + region                                = "us-east-1"
      + replica_mode                          = (known after apply)
      + replicas                              = (known after apply)
      + resource_id                           = (known after apply)
      + skip_final_snapshot                   = true
      + snapshot_identifier                   = (known after apply)
      + status                                = (known after apply)
      + storage_throughput                    = (known after apply)
      + storage_type                          = (known after apply)
      + tags                                  = {
          + "Name" = "megatron-rds01"
        }
      + tags_all                              = {
          + "Name" = "megatron-rds01"
        }
      + timezone                              = (known after apply)
      + upgrade_rollout_order                 = (known after apply)
      + username                              = "admin"
      + vpc_security_group_ids                = (known after apply)
    }

  # aws_db_subnet_group.megatron_rds_subnet_group01 will be created
  + resource "aws_db_subnet_group" "megatron_rds_subnet_group01" {
      + arn                     = (known after apply)
      + description             = "Managed by Terraform"
      + id                      = (known after apply)
      + name                    = "megatron-rds-subnet-group01"
      + name_prefix             = (known after apply)
      + region                  = "us-east-1"
      + subnet_ids              = (known after apply)
      + supported_network_types = (known after apply)
      + tags                    = {
          + "Name" = "megatron-rds-subnet-group01"
        }
      + tags_all                = {
          + "Name" = "megatron-rds-subnet-group01"
        }
      + vpc_id                  = (known after apply)
    }

  # aws_eip.megatron_nat_eip01 will be created
  + resource "aws_eip" "megatron_nat_eip01" {
      + allocation_id        = (known after apply)
      + arn                  = (known after apply)
      + association_id       = (known after apply)
      + carrier_ip           = (known after apply)
      + customer_owned_ip    = (known after apply)
      + domain               = "vpc"
      + id                   = (known after apply)
      + instance             = (known after apply)
      + ipam_pool_id         = (known after apply)
      + network_border_group = (known after apply)
      + network_interface    = (known after apply)
      + private_dns          = (known after apply)
      + private_ip           = (known after apply)
      + ptr_record           = (known after apply)
      + public_dns           = (known after apply)
      + public_ip            = (known after apply)
      + public_ipv4_pool     = (known after apply)
      + region               = "us-east-1"
      + tags                 = {
          + "Name" = "megatron-nat-eip01"
        }
      + tags_all             = {
          + "Name" = "megatron-nat-eip01"
        }
    }

  # aws_iam_instance_profile.megatron_instance_profile01 will be created
  + resource "aws_iam_instance_profile" "megatron_instance_profile01" {
      + arn         = (known after apply)
      + create_date = (known after apply)
      + id          = (known after apply)
      + name        = "megatron-instance-profile01"
      + name_prefix = (known after apply)
      + path        = "/"
      + role        = "megatron-ec2-role01"
      + tags_all    = (known after apply)
      + unique_id   = (known after apply)
    }

  # aws_iam_role.megatron_ec2_role01 will be created
  + resource "aws_iam_role" "megatron_ec2_role01" {
      + arn                   = (known after apply)
      + assume_role_policy    = jsonencode(
            {
              + Statement = [
                  + {
                      + Action    = "sts:AssumeRole"
                      + Effect    = "Allow"
                      + Principal = {
                          + Service = "ec2.amazonaws.com"
                        }
                    },
                ]
              + Version   = "2012-10-17"
            }
        )
      + create_date           = (known after apply)
      + force_detach_policies = false
      + id                    = (known after apply)
      + managed_policy_arns   = (known after apply)
      + max_session_duration  = 3600
      + name                  = "megatron-ec2-role01"
      + name_prefix           = (known after apply)
      + path                  = "/"
      + tags_all              = (known after apply)
      + unique_id             = (known after apply)

      + inline_policy (known after apply)
    }

  # aws_iam_role_policy_attachment.megatron_ec2_cw_attach will be created
  + resource "aws_iam_role_policy_attachment" "megatron_ec2_cw_attach" {
      + id         = (known after apply)
      + policy_arn = "arn:aws:iam::aws:policy/CloudWatchAgentServerPolicy"
      + role       = "megatron-ec2-role01"
    }

  # aws_iam_role_policy_attachment.megatron_ec2_secrets_attach will be created
  + resource "aws_iam_role_policy_attachment" "megatron_ec2_secrets_attach" {
      + id         = (known after apply)
      + policy_arn = "arn:aws:iam::aws:policy/SecretsManagerReadWrite"
      + role       = "megatron-ec2-role01"
    }

  # aws_iam_role_policy_attachment.megatron_ec2_ssm_attach will be created
  + resource "aws_iam_role_policy_attachment" "megatron_ec2_ssm_attach" {
      + id         = (known after apply)
      + policy_arn = "arn:aws:iam::aws:policy/AmazonSSMManagedInstanceCore"
      + role       = "megatron-ec2-role01"
    }

  # aws_instance.megatron_ec2_01 will be created
  + resource "aws_instance" "megatron_ec2_01" {
      + ami                                  = "ami-07ff62358b87c7116"
      + arn                                  = (known after apply)
      + associate_public_ip_address          = (known after apply)
      + availability_zone                      = (known after apply)
      + disable_api_stop                     = (known after apply)
      + disable_api_termination              = (known after apply)
      + ebs_optimized                        = (known after apply)
      + enable_primary_ipv6                  = (known after apply)
      + force_destroy                        = false
      + get_password_data                    = false
      + host_id                              = (known after apply)
      + host_resource_group_arn              = (known after apply)
      + iam_instance_profile                 = "megatron-instance-profile01"
      + id                                   = (known after apply)
      + instance_initiated_shutdown_behavior = (known after apply)
      + instance_lifecycle                   = (known after apply)
      + instance_state                       = (known after apply)
      + instance_type                        = "t3.micro"
      + ipv6_address_count                   = (known after apply)
      + ipv6_addresses                       = (known after apply)
      + key_name                             = (known after apply)
      + monitoring                           = (known after apply)
      + outpost_arn                          = (known after apply)
      + password_data                        = (known after apply)
      + placement_group                      = (known after apply)
      + placement_group_id                   = (known after apply)
      + placement_partition_number           = (known after apply)
      + primary_network_interface_id         = (known after apply)
      + private_dns                          = (known after apply)
      + private_ip                           = (known after apply)
      + public_dns                           = (known after apply)
      + public_ip                            = (known after apply)
      + region                               = "us-east-1"
      + secondary_private_ips                = (known after apply)
      + security_groups                      = (known after apply)
      + source_dest_check                    = true
      + spot_instance_request_id             = (known after apply)
      + subnet_id                            = (known after apply)
      + tags                                 = {
          + "Name" = "megatron-ec2-app01"
        }
      + tags_all                             = {
          + "Name" = "megatron-ec2-app01"
        }
      + tenancy                              = (known after apply)
      + user_data_base64                     = (known after apply)
      + user_data_replace_on_change          = false
      + vpc_security_group_ids               = (known after apply)

      + capacity_reservation_specification (known after apply)

      + cpu_options (known after apply)

      + ebs_block_device (known after apply)

      + enclave_options (known after apply)

      + ephemeral_block_device (known after apply)

      + instance_market_options (known after apply)

      + maintenance_options (known after apply)

      + metadata_options (known after apply)

      + network_interface (known after apply)

      + primary_network_interface (known after apply)

      + private_dns_name_options (known after apply)

      + root_block_device (known after apply)
    }

  # aws_internet_gateway.megatron_igw01 will be created
  + resource "aws_internet_gateway" "megatron_igw01" {
      + arn      = (known after apply)
      + id       = (known after apply)
      + owner_id = (known after apply)
      + region   = "us-east-1"
      + tags     = {
          + "Name" = "megatron-igw01"
        }
      + tags_all = {
          + "Name" = "megatron-igw01"
        }
      + vpc_id   = (known after apply)
    }

  # aws_nat_gateway.megatron_nat01 will be created
  + resource "aws_nat_gateway" "megatron_nat01" {
      + allocation_id                      = (known after apply)
      + association_id                     = (known after apply)
      + auto_provision_availability_zone s               = (known after apply)
      + auto_scaling_ips                   = (known after apply)
      + availability_mode                  = (known after apply)
      + connectivity_type                  = "public"
      + id                                 = (known after apply)
      + network_interface_id               = (known after apply)
      + private_ip                         = (known after apply)
      + public_ip                          = (known after apply)
      + region                             = "us-east-1"
      + regional_nat_gateway_address       = (known after apply)
      + regional_nat_gateway_auto_mode     = (known after apply)
      + route_table_id                     = (known after apply)
      + secondary_allocation_ids           = (known after apply)
      + secondary_private_ip_address_count = (known after apply)
      + secondary_private_ip_addresses     = (known after apply)
      + subnet_id                          = (known after apply)
      + tags                               = {
          + "Name" = "megatron-nat01"
        }
      + tags_all                           = {
          + "Name" = "megatron-nat01"
        }
      + vpc_id                             = (known after apply)
    }

  # aws_route.megatron_private_default_route will be created
  + resource "aws_route" "megatron_private_default_route" {
      + destination_cidr_block = "0.0.0.0/0"
      + id                     = (known after apply)
      + instance_id            = (known after apply)
      + instance_owner_id      = (known after apply)
      + nat_gateway_id         = (known after apply)
      + network_interface_id   = (known after apply)
      + origin                 = (known after apply)
      + region                 = "us-east-1"
      + route_table_id         = (known after apply)
      + state                  = (known after apply)
    }

  # aws_route.megatron_public_default_route will be created
  + resource "aws_route" "megatron_public_default_route" {
      + destination_cidr_block = "0.0.0.0/0"
      + gateway_id             = (known after apply)
      + id                     = (known after apply)
      + instance_id            = (known after apply)
      + instance_owner_id      = (known after apply)
      + network_interface_id   = (known after apply)
      + origin                 = (known after apply)
      + region                 = "us-east-1"
      + route_table_id         = (known after apply)
      + state                  = (known after apply)
    }

  # aws_route_table.megatron_private_rt01 will be created
  + resource "aws_route_table" "megatron_private_rt01" {
      + arn              = (known after apply)
      + id               = (known after apply)
      + owner_id         = (known after apply)
      + propagating_vgws = (known after apply)
      + region           = "us-east-1"
      + route            = (known after apply)
      + tags             = {
          + "Name" = "megatron-private-rt01"
        }
      + tags_all         = {
          + "Name" = "megatron-private-rt01"
        }
      + vpc_id           = (known after apply)
    }

  # aws_route_table.megatron_public_rt01 will be created
  + resource "aws_route_table" "megatron_public_rt01" {
      + arn              = (known after apply)
      + id               = (known after apply)
      + owner_id         = (known after apply)
      + propagating_vgws = (known after apply)
      + region           = "us-east-1"
      + route            = (known after apply)
      + tags             = {
          + "Name" = "megatron-public-rt01"
        }
      + tags_all         = {
          + "Name" = "megatron-public-rt01"
        }
      + vpc_id           = (known after apply)
    }

  # aws_route_table_association.megatron_private_rta[0] will be created
  + resource "aws_route_table_association" "megatron_private_rta" {
      + id             = (known after apply)
      + region         = "us-east-1"
      + route_table_id = (known after apply)
      + subnet_id      = (known after apply)
    }

  # aws_route_table_association.megatron_private_rta[1] will be created
  + resource "aws_route_table_association" "megatron_private_rta" {
      + id             = (known after apply)
      + region         = "us-east-1"
      + route_table_id = (known after apply)
      + subnet_id      = (known after apply)
    }

  # aws_route_table_association.megatron_public_rta[0] will be created
  + resource "aws_route_table_association" "megatron_public_rta" {
      + id             = (known after apply)
      + region         = "us-east-1"
      + route_table_id = (known after apply)
      + subnet_id      = (known after apply)
    }

  # aws_route_table_association.megatron_public_rta[1] will be created
  + resource "aws_route_table_association" "megatron_public_rta" {
      + id             = (known after apply)
      + region         = "us-east-1"
      + route_table_id = (known after apply)
      + subnet_id      = (known after apply)
    }

  # aws_secretsmanager_secret.megatron_db_secret01 will be created
  + resource "aws_secretsmanager_secret" "megatron_db_secret01" {
      + arn                            = (known after apply)
      + force_overwrite_replica_secret = false
      + id                             = (known after apply)
      + name                           = "megatron/lab1"
      + name_prefix                    = (known after apply)
      + policy                         = (known after apply)
      + recovery_window_in_days        = 30
      + region                         = "us-east-1"
      + tags_all                       = (known after apply)

      + replica (known after apply)
    }

  # aws_secretsmanager_secret_version.megatron_db_secret_version01 will be created
  + resource "aws_secretsmanager_secret_version" "megatron_db_secret_version01" {
      + arn                  = (known after apply)
      + has_secret_string_wo = (known after apply)
      + id                   = (known after apply)
      + region               = "us-east-1"
      + secret_id            = (known after apply)
      + secret_string        = (sensitive value)
      + secret_string_wo     = (write-only attribute)
      + version_id           = (known after apply)
      + version_stages       = (known after apply)
    }

  # aws_security_group.megatron_ec2_sg01 will be created
  + resource "aws_security_group" "megatron_ec2_sg01" {
      + arn                    = (known after apply)
      + description            = "EC2 app security group"
      + egress                 = [
          + {
              + cidr_blocks      = [
                  + "0.0.0.0/0",
                ]
              + description      = "Allow all traffic"
              + from_port        = 0
              + ipv6_cidr_blocks = []
              + prefix_list_ids  = []
              + protocol         = "-1"
              + security_groups  = []
              + self             = false
              + to_port          = 0
            },
        ]
      + id                     = (known after apply)
      + ingress                = [
          + {
              + cidr_blocks      = [
                  + "0.0.0.0/0",
                ]
              + description      = "HTTP_inbound"
              + from_port        = 80
              + ipv6_cidr_blocks = []
              + prefix_list_ids  = []
              + protocol         = "tcp"
              + security_groups  = []
              + self             = false
              + to_port          = 80
            },
          + {
              + cidr_blocks      = [
                  + "174.110.41.221/32",
                ]
              + description      = "SSH_inbound"
              + from_port        = 22
              + ipv6_cidr_blocks = []
              + prefix_list_ids  = []
              + protocol         = "tcp"
              + security_groups  = []
              + self             = false
              + to_port          = 22
            },
        ]
      + name                   = "megatron-ec2-sg01"
      + name_prefix            = (known after apply)
      + owner_id               = (known after apply)
      + region                 = "us-east-1"
      + revoke_rules_on_delete = false
      + tags                   = {
          + "Name" = "megatron-ec2-sg01"
        }
      + tags_all               = {
          + "Name" = "megatron-ec2-sg01"
        }
      + vpc_id                 = (known after apply)
    }

  # aws_security_group.megatron_rds_sg01 will be created
  + resource "aws_security_group" "megatron_rds_sg01" {
      + arn                    = (known after apply)
      + description            = "RDS MySQL access from EC2 only"
      + egress                 = [
          + {
              + cidr_blocks      = [
                  + "0.0.0.0/0",
                ]
              + description      = "Allow all traffic"
              + from_port        = 0
              + ipv6_cidr_blocks = []
              + prefix_list_ids  = []
              + protocol         = "-1"
              + security_groups  = []
              + self             = false
              + to_port          = 0
            },
        ]
      + id                     = (known after apply)
      + ingress                = [
          + {
              + cidr_blocks      = []
              + description      = "MySQL_inbound_from_EC2"
              + from_port        = 3306
              + ipv6_cidr_blocks = []
              + prefix_list_ids  = []
              + protocol         = "tcp"
              + security_groups  = (known after apply)
              + self             = false
              + to_port          = 3306
            },
        ]
      + name                   = "megatron-rds-sg01"
      + name_prefix            = (known after apply)
      + owner_id               = (known after apply)
      + region                 = "us-east-1"
      + revoke_rules_on_delete = false
      + tags                   = {
          + "Name" = "megatron-rds-sg01"
        }
      + tags_all               = {
          + "Name" = "megatron-rds-sg01"
        }
      + vpc_id                 = (known after apply)
    }

  # aws_sns_topic.megatron_sns_topic01 will be created
  + resource "aws_sns_topic" "megatron_sns_topic01" {
      + arn                         = (known after apply)
      + beginning_archive_time      = (known after apply)
      + content_based_deduplication = false
      + fifo_throughput_scope       = (known after apply)
      + fifo_topic                  = false
      + id                          = (known after apply)
      + name                        = "megatron-db-incidents"
      + name_prefix                 = (known after apply)
      + owner                       = (known after apply)
      + policy                      = (known after apply)
      + region                      = "us-east-1"
      + signature_version           = (known after apply)
      + tags_all                    = (known after apply)
      + tracing_config              = (known after apply)
    }

  # aws_sns_topic_subscription.megatron_sns_sub01 will be created
  + resource "aws_sns_topic_subscription" "megatron_sns_sub01" {
      + arn                             = (known after apply)
      + confirmation_timeout_in_minutes = 1
      + confirmation_was_authenticated  = (known after apply)
      + endpoint                        = "ervinjkershaw@gmail.com"
      + endpoint_auto_confirms          = false
      + filter_policy_scope             = (known after apply)
      + id                              = (known after apply)
      + owner_id                        = (known after apply)
      + pending_confirmation            = (known after apply)
      + protocol                        = "email"
      + raw_message_delivery            = false
      + region                          = "us-east-1"
      + topic_arn                       = (known after apply)
    }

  # aws_ssm_parameter.megatron_db_endpoint_param will be created
  + resource "aws_ssm_parameter" "megatron_db_endpoint_param" {
      + arn            = (known after apply)
      + data_type      = (known after apply)
      + has_value_wo   = (known after apply)
      + id             = (known after apply)
      + insecure_value = (known after apply)
      + key_id         = (known after apply)
      + name           = "/lab/db/endpoint"
      + overwrite      = true
      + region         = "us-east-1"
      + tags           = {
          + "Name" = "megatron-param-db-endpoint"
        }
      + tags_all       = {
          + "Name" = "megatron-param-db-endpoint"
        }
      + tier           = (known after apply)
      + type           = "String"
      + value          = (sensitive value)
      + value_wo       = (write-only attribute)
      + version        = (known after apply)
    }

  # aws_ssm_parameter.megatron_db_name_param will be created
  + resource "aws_ssm_parameter" "megatron_db_name_param" {
      + arn            = (known after apply)
      + data_type      = (known after apply)
      + has_value_wo   = (known after apply)
      + id             = (known after apply)
      + insecure_value = (known after apply)
      + key_id         = (known after apply)
      + name           = "/lab/db/name"
      + overwrite      = true
      + region         = "us-east-1"
      + tags           = {
          + "Name" = "megatron-param-db-name"
        }
      + tags_all       = {
          + "Name" = "megatron-param-db-name"
        }
      + tier           = (known after apply)
      + type           = "String"
      + value          = (sensitive value)
      + value_wo       = (write-only attribute)
      + version        = (known after apply)
    }

  # aws_ssm_parameter.megatron_db_port_param will be created
  + resource "aws_ssm_parameter" "megatron_db_port_param" {
      + arn            = (known after apply)
      + data_type      = (known after apply)
      + has_value_wo   = (known after apply)
      + id             = (known after apply)
      + insecure_value = (known after apply)
      + key_id         = (known after apply)
      + name           = "/lab/db/port"
      + overwrite      = true
      + region         = "us-east-1"
      + tags           = {
          + "Name" = "megatron-param-db-port"
        }
      + tags_all       = {
          + "Name" = "megatron-param-db-port"
        }
      + tier           = (known after apply)
      + type           = "String"
      + value          = (sensitive value)
      + value_wo       = (write-only attribute)
      + version        = (known after apply)
    }

  # aws_subnet.megatron_private_subnets[0] will be created
  + resource "aws_subnet" "megatron_private_subnets" {
      + arn                                            = (known after apply)
      + assign_ipv6_address_on_creation                = false
      + availability_zone                                = "us-east-1a"
      + availability_zone  _id                           = (known after apply)
      + cidr_block                                     = "10.77.101.0/24"
      + enable_dns64                                   = false
      + enable_resource_name_dns_a_record_on_launch    = false
      + enable_resource_name_dns_aaaa_record_on_launch = false
      + id                                             = (known after apply)
      + ipv6_cidr_block_association_id                 = (known after apply)
      + ipv6_native                                    = false
      + map_public_ip_on_launch                        = false
      + owner_id                                       = (known after apply)
      + private_dns_hostname_type_on_launch            = (known after apply)
      + region                                         = "us-east-1"
      + tags                                           = {
          + "Name" = "megatron-private-subnet01"
        }
      + tags_all                                       = {
          + "Name" = "megatron-private-subnet01"
        }
      + vpc_id                                         = (known after apply)
    }

  # aws_subnet.megatron_private_subnets[1] will be created
  + resource "aws_subnet" "megatron_private_subnets" {
      + arn                                            = (known after apply)
      + assign_ipv6_address_on_creation                = false
      + availability_zone                                = "us-east-1b"
      + availability_zone  _id                           = (known after apply)
      + cidr_block                                     = "10.77.102.0/24"
      + enable_dns64                                   = false
      + enable_resource_name_dns_a_record_on_launch    = false
      + enable_resource_name_dns_aaaa_record_on_launch = false
      + id                                             = (known after apply)
      + ipv6_cidr_block_association_id                 = (known after apply)
      + ipv6_native                                    = false
      + map_public_ip_on_launch                        = false
      + owner_id                                       = (known after apply)
      + private_dns_hostname_type_on_launch            = (known after apply)
      + region                                         = "us-east-1"
      + tags                                           = {
          + "Name" = "megatron-private-subnet02"
        }
      + tags_all                                       = {
          + "Name" = "megatron-private-subnet02"
        }
      + vpc_id                                         = (known after apply)
    }

  # aws_subnet.megatron_public_subnets[0] will be created
  + resource "aws_subnet" "megatron_public_subnets" {
      + arn                                            = (known after apply)
      + assign_ipv6_address_on_creation                = false
      + availability_zone                                = "us-east-1a"
      + availability_zone  _id                           = (known after apply)
      + cidr_block                                     = "10.77.1.0/24"
      + enable_dns64                                   = false
      + enable_resource_name_dns_a_record_on_launch    = false
      + enable_resource_name_dns_aaaa_record_on_launch = false
      + id                                             = (known after apply)
      + ipv6_cidr_block_association_id                 = (known after apply)
      + ipv6_native                                    = false
      + map_public_ip_on_launch                        = true
      + owner_id                                       = (known after apply)
      + private_dns_hostname_type_on_launch            = (known after apply)
      + region                                         = "us-east-1"
      + tags                                           = {
          + "Name" = "megatron-public-subnet01"
        }
      + tags_all                                       = {
          + "Name" = "megatron-public-subnet01"
        }
      + vpc_id                                         = (known after apply)
    }

  # aws_subnet.megatron_public_subnets[1] will be created
  + resource "aws_subnet" "megatron_public_subnets" {
      + arn                                            = (known after apply)
      + assign_ipv6_address_on_creation                = false
      + availability_zone                                = "us-east-1b"
      + availability_zone  _id                           = (known after apply)
      + cidr_block                                     = "10.77.2.0/24"
      + enable_dns64                                   = false
      + enable_resource_name_dns_a_record_on_launch    = false
      + enable_resource_name_dns_aaaa_record_on_launch = false
      + id                                             = (known after apply)
      + ipv6_cidr_block_association_id                 = (known after apply)
      + ipv6_native                                    = false
      + map_public_ip_on_launch                        = true
      + owner_id                                       = (known after apply)
      + private_dns_hostname_type_on_launch            = (known after apply)
      + region                                         = "us-east-1"
      + tags                                           = {
          + "Name" = "megatron-public-subnet02"
        }
      + tags_all                                       = {
          + "Name" = "megatron-public-subnet02"
        }
      + vpc_id                                         = (known after apply)
    }

  # aws_vpc.megatron_vpc01 will be created
  + resource "aws_vpc" "megatron_vpc01" {
      + arn                                  = (known after apply)
      + cidr_block                           = "10.77.0.0/16"
      + default_network_acl_id               = (known after apply)
      + default_route_table_id               = (known after apply)
      + default_security_group_id            = (known after apply)
      + dhcp_options_id                      = (known after apply)
      + enable_dns_hostnames                 = true
      + enable_dns_support                   = true
      + enable_network_address_usage_metrics = (known after apply)
      + id                                   = (known after apply)
      + instance_tenancy                     = "default"
      + ipv6_association_id                  = (known after apply)
      + ipv6_cidr_block                      = (known after apply)
      + ipv6_cidr_block_network_border_group = (known after apply)
      + main_route_table_id                  = (known after apply)
      + owner_id                             = (known after apply)
      + region                               = "us-east-1"
      + tags                                 = {
          + "Name" = "megatron-vpc01"
        }
      + tags_all                             = {
          + "Name" = "megatron-vpc01"
        }
    }

  # tls_private_key.MegaKey will be created
  + resource "tls_private_key" "MegaKey" {
      + algorithm                     = "RSA"
      + ecdsa_curve                   = "P224"
      + id                            = (known after apply)
      + private_key_openssh           = (sensitive value)
      + private_key_pem               = (sensitive value)
      + private_key_pem_pkcs8         = (sensitive value)
      + public_key_fingerprint_md5    = (known after apply)
      + public_key_fingerprint_sha256 = (known after apply)
      + public_key_openssh            = (known after apply)
      + public_key_pem                = (known after apply)
      + rsa_bits                      = 2048
    }

Plan: 36 to add, 0 to change, 0 to destroy.

Changes to Outputs:
  + megatron_ec2_instance_id    = (known after apply)
  + megatron_log_group_name     = "/aws/ec2/megatron-rds-app"
  + megatron_private_subnet_ids = [
      + (known after apply),
      + (known after apply),
    ]
  + megatron_public_subnet_ids  = [
      + (known after apply),
      + (known after apply),
    ]
  + megatron_rds_endpoint       = (known after apply)
  + megatron_sns_topic_arn      = (known after apply)
  + megatron_vpc_id             = (known after apply)
  + private_key                 = (sensitive value)
  + public_key                  = (known after apply)

─────────────────────────────────────────────────────────────────────────────────────────────────────────────────
Saved the plan to: plan

To perform exactly these actions, run the following command to apply:
    terraform apply "plan"

ervgo@EK-DESKTOP MINGW64 ~/Documents/TheoWAF/class7/AWS/Armageddon/TeamLabs/Lab1/Lab1c (main)
$ terraform graph -type=plan | dot -Tsvg > terraform-plan.svg
─────────────────────────────────────────────────────────────────────────────────────────────────────────────────
